
Microsoft Visual Studio Solution File, Format Version 12.00
# Visual Studio Version 17
VisualStudioVersion = 17.4.33213.308
MinimumVisualStudioVersion = 10.0.40219.1
Project("{FAE04EC0-301F-11D3-BF4B-00C04F79EFBC}") = "PRSBackEndCaptsone", "PRSBackEndCaptsone\PRSBackEndCaptsone.csproj", "{F54CE9E4-EDD0-42E3-9396-E1769215233F}"
EndProject
Global
	GlobalSection(SolutionConfigurationPlatforms) = preSolution
		Debug|Any CPU = Debug|Any CPU
		Release|Any CPU = Release|Any CPU
	EndGlobalSection
	GlobalSection(ProjectConfigurationPlatforms) = postSolution
		{F54CE9E4-EDD0-42E3-9396-E1769215233F}.Debug|Any CPU.ActiveCfg = Debug|Any CPU
		{F54CE9E4-EDD0-42E3-9396-E1769215233F}.Debug|Any CPU.Build.0 = Debug|Any CPU
		{F54CE9E4-EDD0-42E3-9396-E1769215233F}.Release|Any CPU.ActiveCfg = Release|Any CPU
		{F54CE9E4-EDD0-42E3-9396-E1769215233F}.Release|Any CPU.Build.0 = Release|Any CPU
	EndGlobalSection
	GlobalSection(SolutionProperties) = preSolution
		HideSolutionNode = FALSE
	EndGlobalSection
	GlobalSection(ExtensibilityGlobals) = postSolution
		SolutionGuid = {D1552FD0-D211-487A-B599-463D0B57252E}
	EndGlobalSection
EndGlobal
